
Microsoft Visual Studio Solution File, Format Version 12.00
# Visual Studio Version 17
VisualStudioVersion = 17.8.34525.116
MinimumVisualStudioVersion = 10.0.40219.1
Project("{9A19103F-16F7-4668-BE54-9A1E7A4F7556}") = "DataAccessLayer", "DataAccessLayer\DataAccessLayer.csproj", "{C690F2B6-C0BF-47CB-8E60-7214C118668B}"
EndProject
Project("{9A19103F-16F7-4668-BE54-9A1E7A4F7556}") = "PresentationLayer", "PresentationLayer\PresentationLayer.csproj", "{A0B1686B-4982-4333-8561-2EF476657386}"
EndProject
Global
	GlobalSection(SolutionConfigurationPlatforms) = preSolution
		Debug|Any CPU = Debug|Any CPU
		Release|Any CPU = Release|Any CPU
	EndGlobalSection
	GlobalSection(ProjectConfigurationPlatforms) = postSolution
		{C690F2B6-C0BF-47CB-8E60-7214C118668B}.Debug|Any CPU.ActiveCfg = Debug|Any CPU
		{C690F2B6-C0BF-47CB-8E60-7214C118668B}.Debug|Any CPU.Build.0 = Debug|Any CPU
		{C690F2B6-C0BF-47CB-8E60-7214C118668B}.Release|Any CPU.ActiveCfg = Release|Any CPU
		{C690F2B6-C0BF-47CB-8E60-7214C118668B}.Release|Any CPU.Build.0 = Release|Any CPU
		{A0B1686B-4982-4333-8561-2EF476657386}.Debug|Any CPU.ActiveCfg = Debug|Any CPU
		{A0B1686B-4982-4333-8561-2EF476657386}.Debug|Any CPU.Build.0 = Debug|Any CPU
		{A0B1686B-4982-4333-8561-2EF476657386}.Release|Any CPU.ActiveCfg = Release|Any CPU
		{A0B1686B-4982-4333-8561-2EF476657386}.Release|Any CPU.Build.0 = Release|Any CPU
	EndGlobalSection
	GlobalSection(SolutionProperties) = preSolution
		HideSolutionNode = FALSE
	EndGlobalSection
	GlobalSection(ExtensibilityGlobals) = postSolution
		SolutionGuid = {5FA7AB38-81FF-480D-A5AD-0D89304AEF2C}
	EndGlobalSection
EndGlobal
